{
  "lockfileVersion": 1,
  "workspaces": {
    "": {
      "dependencies": {
        "appwrite": "^18.2.0",
      },
      "devDependencies": {
        "prettier-plugin-go-template": "^0.0.15",
      },
    },
  },
  "packages": {
    "appwrite": ["appwrite@18.2.0", "", {}, "sha512-g7pQpsxqR7+amEIaQLXMN4XzdQKenTHnGdA4s7UUJdZufhlHdJby8895h8z893+S0XipeHZhi0wpxYA2An95Rg=="],

    "prettier": ["prettier@3.2.5", "", { "bin": "bin/prettier.cjs" }, "sha512-3/GWa9aOC0YeD7LUfvOG2NiDyhOWRvt1k+rcKhOuYnMY24iiCphgneUfJDyFXd6rZCAnuLBv6UeAULtrhT/F4A=="],

    "prettier-plugin-go-template": ["prettier-plugin-go-template@0.0.15", "", { "dependencies": { "ulid": "^2.3.0" }, "peerDependencies": { "prettier": "^3.0.0" } }, "sha512-WqU92E1NokWYNZ9mLE6ijoRg6LtIGdLMePt2C7UBDjXeDH9okcRI3zRqtnWR4s5AloiqyvZ66jNBAa9tmRY5EQ=="],

    "ulid": ["ulid@2.3.0", "", { "bin": "bin/cli.js" }, "sha512-keqHubrlpvT6G2wH0OEfSW4mquYRcbe/J8NMmveoQOjUqmo+hXtO+ORCpWhdbZ7k72UtY61BL7haGxW6enBnjw=="],
  }
}
