github.com/encas-parka/hugo-cookbook-theme v0.0.0-20240110053218-71d3bda3cd63 h1:bY9oEZg/9YtgEb+7AhvZpNaUyeZbK3kXUlfhWxztphM=
github.com/encas-parka/hugo-cookbook-theme v0.0.0-20240110053218-71d3bda3cd63/go.mod h1:nd7liPCX7YC1n1hoOU+745BI1TP69oMffJ/YYViZ1U0=
github.com/encas-parka/hugo-cookbook-theme v0.0.0-20240121231925-a1ca1b2514ab h1:2q6YwjhnlIm0CiF5HMONWkyBghSK+wLL/j7gU1BHP0U=
github.com/encas-parka/hugo-cookbook-theme v0.0.0-20240121231925-a1ca1b2514ab/go.mod h1:nd7liPCX7YC1n1hoOU+745BI1TP69oMffJ/YYViZ1U0=
github.com/encas-parka/hugo-cookbook-theme v0.0.0-20240122000751-ac6ca6fd71ce h1:A9/oVD7q1BvN0XGbqnmQYcpig7GrXT5FqhETxpsfeIQ=
github.com/encas-parka/hugo-cookbook-theme v0.0.0-20240122000751-ac6ca6fd71ce/go.mod h1:nd7liPCX7YC1n1hoOU+745BI1TP69oMffJ/YYViZ1U0=
github.com/encas-parka/hugo-cookbook-theme v0.0.0-20240122001520-bfd952e74eb0 h1:E/tyWzXnfBC4JTCCqxE78qNqMfhtL0bPjlwMiiZegQc=
github.com/encas-parka/hugo-cookbook-theme v0.0.0-20240122001520-bfd952e74eb0/go.mod h1:nd7liPCX7YC1n1hoOU+745BI1TP69oMffJ/YYViZ1U0=
github.com/encas-parka/hugo-cookbook-theme v0.0.0-20240122002215-80920cab0d0c h1:yUY/z/KSM5f9yI2XSU3FOHj1IZnWyjv5xes72Ef1YEM=
github.com/encas-parka/hugo-cookbook-theme v0.0.0-20240122002215-80920cab0d0c/go.mod h1:nd7liPCX7YC1n1hoOU+745BI1TP69oMffJ/YYViZ1U0=
